
Microsoft Visual Studio Solution File, Format Version 12.00
Project("{FAE04EC0-301F-11D3-BF4B-00C04F79EFBC}") = "Presolver", "src\Presolver\Presolver.csproj", "{801CC661-9390-41E8-A6AC-20D7A9B2D29A}"
EndProject
Project("{FAE04EC0-301F-11D3-BF4B-00C04F79EFBC}") = "Presolver.Generator", "src\Presolver.Generators\Presolver.Generator\Presolver.Generator.csproj", "{ED16128D-5DE7-4860-AF4F-4C815E65DFF2}"
EndProject
Project("{FAE04EC0-301F-11D3-BF4B-00C04F79EFBC}") = "ConsoleApp", "sandbox\ConsoleApp\ConsoleApp.csproj", "{CBA2B342-2AFA-4E86-AB69-82A42054A7E8}"
EndProject
Global
	GlobalSection(SolutionConfigurationPlatforms) = preSolution
		Debug|Any CPU = Debug|Any CPU
		Release|Any CPU = Release|Any CPU
	EndGlobalSection
	GlobalSection(ProjectConfigurationPlatforms) = postSolution
		{801CC661-9390-41E8-A6AC-20D7A9B2D29A}.Debug|Any CPU.ActiveCfg = Debug|Any CPU
		{801CC661-9390-41E8-A6AC-20D7A9B2D29A}.Debug|Any CPU.Build.0 = Debug|Any CPU
		{801CC661-9390-41E8-A6AC-20D7A9B2D29A}.Release|Any CPU.ActiveCfg = Release|Any CPU
		{801CC661-9390-41E8-A6AC-20D7A9B2D29A}.Release|Any CPU.Build.0 = Release|Any CPU
		{ED16128D-5DE7-4860-AF4F-4C815E65DFF2}.Debug|Any CPU.ActiveCfg = Debug|Any CPU
		{ED16128D-5DE7-4860-AF4F-4C815E65DFF2}.Debug|Any CPU.Build.0 = Debug|Any CPU
		{ED16128D-5DE7-4860-AF4F-4C815E65DFF2}.Release|Any CPU.ActiveCfg = Release|Any CPU
		{ED16128D-5DE7-4860-AF4F-4C815E65DFF2}.Release|Any CPU.Build.0 = Release|Any CPU
		{CBA2B342-2AFA-4E86-AB69-82A42054A7E8}.Debug|Any CPU.ActiveCfg = Debug|Any CPU
		{CBA2B342-2AFA-4E86-AB69-82A42054A7E8}.Debug|Any CPU.Build.0 = Debug|Any CPU
		{CBA2B342-2AFA-4E86-AB69-82A42054A7E8}.Release|Any CPU.ActiveCfg = Release|Any CPU
		{CBA2B342-2AFA-4E86-AB69-82A42054A7E8}.Release|Any CPU.Build.0 = Release|Any CPU
	EndGlobalSection
EndGlobal
